
Microsoft Visual Studio Solution File, Format Version 12.00
# Visual Studio Version 16
VisualStudioVersion = 16.0.29709.97
MinimumVisualStudioVersion = 10.0.40219.1
Project("{FAE04EC0-301F-11D3-BF4B-00C04F79EFBC}") = "DailySimpleNotes.UWP", "DailySimpleNotes\DailySimpleNotes.UWP\DailySimpleNotes.UWP.csproj", "{55280E5D-27C7-4A6A-911A-5270F2F34771}"
EndProject
Project("{FAE04EC0-301F-11D3-BF4B-00C04F79EFBC}") = "DailySimpleNotes.Android", "DailySimpleNotes\DailySimpleNotes.Android\DailySimpleNotes.Android.csproj", "{959FF9FD-D402-4E71-BA87-173BBD98ED16}"
EndProject
Project("{FAE04EC0-301F-11D3-BF4B-00C04F79EFBC}") = "DailySimpleNotes.iOS", "DailySimpleNotes\DailySimpleNotes.iOS\DailySimpleNotes.iOS.csproj", "{58FE6ADA-AB6B-49C3-84D9-677822CF4B65}"
EndProject
Project("{FAE04EC0-301F-11D3-BF4B-00C04F79EFBC}") = "DailySimpleNotes", "DailySimpleNotes\DailySimpleNotes\DailySimpleNotes.csproj", "{572D70DB-2D2F-4442-8983-BEC31113F962}"
EndProject
Global
	GlobalSection(SolutionConfigurationPlatforms) = preSolution
		Debug|Any CPU = Debug|Any CPU
		Debug|ARM = Debug|ARM
		Debug|iPhone = Debug|iPhone
		Debug|iPhoneSimulator = Debug|iPhoneSimulator
		Debug|x64 = Debug|x64
		Debug|x86 = Debug|x86
		Release|Any CPU = Release|Any CPU
		Release|ARM = Release|ARM
		Release|iPhone = Release|iPhone
		Release|iPhoneSimulator = Release|iPhoneSimulator
		Release|x64 = Release|x64
		Release|x86 = Release|x86
	EndGlobalSection
	GlobalSection(ProjectConfigurationPlatforms) = postSolution
		{55280E5D-27C7-4A6A-911A-5270F2F34771}.Debug|Any CPU.ActiveCfg = Debug|x86
		{55280E5D-27C7-4A6A-911A-5270F2F34771}.Debug|Any CPU.Build.0 = Debug|x86
		{55280E5D-27C7-4A6A-911A-5270F2F34771}.Debug|Any CPU.Deploy.0 = Debug|x86
		{55280E5D-27C7-4A6A-911A-5270F2F34771}.Debug|ARM.ActiveCfg = Debug|ARM
		{55280E5D-27C7-4A6A-911A-5270F2F34771}.Debug|ARM.Build.0 = Debug|ARM
		{55280E5D-27C7-4A6A-911A-5270F2F34771}.Debug|ARM.Deploy.0 = Debug|ARM
		{55280E5D-27C7-4A6A-911A-5270F2F34771}.Debug|iPhone.ActiveCfg = Debug|x86
		{55280E5D-27C7-4A6A-911A-5270F2F34771}.Debug|iPhone.Build.0 = Debug|x86
		{55280E5D-27C7-4A6A-911A-5270F2F34771}.Debug|iPhone.Deploy.0 = Debug|x86
		{55280E5D-27C7-4A6A-911A-5270F2F34771}.Debug|iPhoneSimulator.ActiveCfg = Debug|x86
		{55280E5D-27C7-4A6A-911A-5270F2F34771}.Debug|iPhoneSimulator.Build.0 = Debug|x86
		{55280E5D-27C7-4A6A-911A-5270F2F34771}.Debug|iPhoneSimulator.Deploy.0 = Debug|x86
		{55280E5D-27C7-4A6A-911A-5270F2F34771}.Debug|x64.ActiveCfg = Debug|x64
		{55280E5D-27C7-4A6A-911A-5270F2F34771}.Debug|x64.Build.0 = Debug|x64
		{55280E5D-27C7-4A6A-911A-5270F2F34771}.Debug|x64.Deploy.0 = Debug|x64
		{55280E5D-27C7-4A6A-911A-5270F2F34771}.Debug|x86.ActiveCfg = Debug|x86
		{55280E5D-27C7-4A6A-911A-5270F2F34771}.Debug|x86.Build.0 = Debug|x86
		{55280E5D-27C7-4A6A-911A-5270F2F34771}.Debug|x86.Deploy.0 = Debug|x86
		{55280E5D-27C7-4A6A-911A-5270F2F34771}.Release|Any CPU.ActiveCfg = Release|x86
		{55280E5D-27C7-4A6A-911A-5270F2F34771}.Release|Any CPU.Build.0 = Release|x86
		{55280E5D-27C7-4A6A-911A-5270F2F34771}.Release|Any CPU.Deploy.0 = Release|x86
		{55280E5D-27C7-4A6A-911A-5270F2F34771}.Release|ARM.ActiveCfg = Release|ARM
		{55280E5D-27C7-4A6A-911A-5270F2F34771}.Release|ARM.Build.0 = Release|ARM
		{55280E5D-27C7-4A6A-911A-5270F2F34771}.Release|ARM.Deploy.0 = Release|ARM
		{55280E5D-27C7-4A6A-911A-5270F2F34771}.Release|iPhone.ActiveCfg = Release|x86
		{55280E5D-27C7-4A6A-911A-5270F2F34771}.Release|iPhone.Build.0 = Release|x86
		{55280E5D-27C7-4A6A-911A-5270F2F34771}.Release|iPhone.Deploy.0 = Release|x86
		{55280E5D-27C7-4A6A-911A-5270F2F34771}.Release|iPhoneSimulator.ActiveCfg = Release|x86
		{55280E5D-27C7-4A6A-911A-5270F2F34771}.Release|iPhoneSimulator.Build.0 = Release|x86
		{55280E5D-27C7-4A6A-911A-5270F2F34771}.Release|iPhoneSimulator.Deploy.0 = Release|x86
		{55280E5D-27C7-4A6A-911A-5270F2F34771}.Release|x64.ActiveCfg = Release|x64
		{55280E5D-27C7-4A6A-911A-5270F2F34771}.Release|x64.Build.0 = Release|x64
		{55280E5D-27C7-4A6A-911A-5270F2F34771}.Release|x64.Deploy.0 = Release|x64
		{55280E5D-27C7-4A6A-911A-5270F2F34771}.Release|x86.ActiveCfg = Release|x86
		{55280E5D-27C7-4A6A-911A-5270F2F34771}.Release|x86.Build.0 = Release|x86
		{55280E5D-27C7-4A6A-911A-5270F2F34771}.Release|x86.Deploy.0 = Release|x86
		{959FF9FD-D402-4E71-BA87-173BBD98ED16}.Debug|Any CPU.ActiveCfg = Debug|Any CPU
		{959FF9FD-D402-4E71-BA87-173BBD98ED16}.Debug|Any CPU.Build.0 = Debug|Any CPU
		{959FF9FD-D402-4E71-BA87-173BBD98ED16}.Debug|Any CPU.Deploy.0 = Debug|Any CPU
		{959FF9FD-D402-4E71-BA87-173BBD98ED16}.Debug|ARM.ActiveCfg = Debug|Any CPU
		{959FF9FD-D402-4E71-BA87-173BBD98ED16}.Debug|ARM.Build.0 = Debug|Any CPU
		{959FF9FD-D402-4E71-BA87-173BBD98ED16}.Debug|ARM.Deploy.0 = Debug|Any CPU
		{959FF9FD-D402-4E71-BA87-173BBD98ED16}.Debug|iPhone.ActiveCfg = Debug|Any CPU
		{959FF9FD-D402-4E71-BA87-173BBD98ED16}.Debug|iPhone.Build.0 = Debug|Any CPU
		{959FF9FD-D402-4E71-BA87-173BBD98ED16}.Debug|iPhone.Deploy.0 = Debug|Any CPU
		{959FF9FD-D402-4E71-BA87-173BBD98ED16}.Debug|iPhoneSimulator.ActiveCfg = Debug|Any CPU
		{959FF9FD-D402-4E71-BA87-173BBD98ED16}.Debug|iPhoneSimulator.Build.0 = Debug|Any CPU
		{959FF9FD-D402-4E71-BA87-173BBD98ED16}.Debug|iPhoneSimulator.Deploy.0 = Debug|Any CPU
		{959FF9FD-D402-4E71-BA87-173BBD98ED16}.Debug|x64.ActiveCfg = Debug|Any CPU
		{959FF9FD-D402-4E71-BA87-173BBD98ED16}.Debug|x64.Build.0 = Debug|Any CPU
		{959FF9FD-D402-4E71-BA87-173BBD98ED16}.Debug|x64.Deploy.0 = Debug|Any CPU
		{959FF9FD-D402-4E71-BA87-173BBD98ED16}.Debug|x86.ActiveCfg = Debug|Any CPU
		{959FF9FD-D402-4E71-BA87-173BBD98ED16}.Debug|x86.Build.0 = Debug|Any CPU
		{959FF9FD-D402-4E71-BA87-173BBD98ED16}.Debug|x86.Deploy.0 = Debug|Any CPU
		{959FF9FD-D402-4E71-BA87-173BBD98ED16}.Release|Any CPU.ActiveCfg = Release|Any CPU
		{959FF9FD-D402-4E71-BA87-173BBD98ED16}.Release|Any CPU.Build.0 = Release|Any CPU
		{959FF9FD-D402-4E71-BA87-173BBD98ED16}.Release|Any CPU.Deploy.0 = Release|Any CPU
		{959FF9FD-D402-4E71-BA87-173BBD98ED16}.Release|ARM.ActiveCfg = Release|Any CPU
		{959FF9FD-D402-4E71-BA87-173BBD98ED16}.Release|ARM.Build.0 = Release|Any CPU
		{959FF9FD-D402-4E71-BA87-173BBD98ED16}.Release|ARM.Deploy.0 = Release|Any CPU
		{959FF9FD-D402-4E71-BA87-173BBD98ED16}.Release|iPhone.ActiveCfg = Release|Any CPU
		{959FF9FD-D402-4E71-BA87-173BBD98ED16}.Release|iPhone.Build.0 = Release|Any CPU
		{959FF9FD-D402-4E71-BA87-173BBD98ED16}.Release|iPhone.Deploy.0 = Release|Any CPU
		{959FF9FD-D402-4E71-BA87-173BBD98ED16}.Release|iPhoneSimulator.ActiveCfg = Release|Any CPU
		{959FF9FD-D402-4E71-BA87-173BBD98ED16}.Release|iPhoneSimulator.Build.0 = Release|Any CPU
		{959FF9FD-D402-4E71-BA87-173BBD98ED16}.Release|iPhoneSimulator.Deploy.0 = Release|Any CPU
		{959FF9FD-D402-4E71-BA87-173BBD98ED16}.Release|x64.ActiveCfg = Release|Any CPU
		{959FF9FD-D402-4E71-BA87-173BBD98ED16}.Release|x64.Build.0 = Release|Any CPU
		{959FF9FD-D402-4E71-BA87-173BBD98ED16}.Release|x64.Deploy.0 = Release|Any CPU
		{959FF9FD-D402-4E71-BA87-173BBD98ED16}.Release|x86.ActiveCfg = Release|Any CPU
		{959FF9FD-D402-4E71-BA87-173BBD98ED16}.Release|x86.Build.0 = Release|Any CPU
		{959FF9FD-D402-4E71-BA87-173BBD98ED16}.Release|x86.Deploy.0 = Release|Any CPU
		{58FE6ADA-AB6B-49C3-84D9-677822CF4B65}.Debug|Any CPU.ActiveCfg = Debug|iPhone
		{58FE6ADA-AB6B-49C3-84D9-677822CF4B65}.Debug|Any CPU.Build.0 = Debug|iPhone
		{58FE6ADA-AB6B-49C3-84D9-677822CF4B65}.Debug|Any CPU.Deploy.0 = Debug|iPhone
		{58FE6ADA-AB6B-49C3-84D9-677822CF4B65}.Debug|ARM.ActiveCfg = Debug|iPhoneSimulator
		{58FE6ADA-AB6B-49C3-84D9-677822CF4B65}.Debug|ARM.Build.0 = Debug|iPhoneSimulator
		{58FE6ADA-AB6B-49C3-84D9-677822CF4B65}.Debug|ARM.Deploy.0 = Debug|iPhoneSimulator
		{58FE6ADA-AB6B-49C3-84D9-677822CF4B65}.Debug|iPhone.ActiveCfg = Debug|iPhone
		{58FE6ADA-AB6B-49C3-84D9-677822CF4B65}.Debug|iPhone.Build.0 = Debug|iPhone
		{58FE6ADA-AB6B-49C3-84D9-677822CF4B65}.Debug|iPhone.Deploy.0 = Debug|iPhone
		{58FE6ADA-AB6B-49C3-84D9-677822CF4B65}.Debug|iPhoneSimulator.ActiveCfg = Debug|iPhoneSimulator
		{58FE6ADA-AB6B-49C3-84D9-677822CF4B65}.Debug|iPhoneSimulator.Build.0 = Debug|iPhoneSimulator
		{58FE6ADA-AB6B-49C3-84D9-677822CF4B65}.Debug|iPhoneSimulator.Deploy.0 = Debug|iPhoneSimulator
		{58FE6ADA-AB6B-49C3-84D9-677822CF4B65}.Debug|x64.ActiveCfg = Debug|iPhone
		{58FE6ADA-AB6B-49C3-84D9-677822CF4B65}.Debug|x64.Build.0 = Debug|iPhone
		{58FE6ADA-AB6B-49C3-84D9-677822CF4B65}.Debug|x64.Deploy.0 = Debug|iPhone
		{58FE6ADA-AB6B-49C3-84D9-677822CF4B65}.Debug|x86.ActiveCfg = Debug|iPhone
		{58FE6ADA-AB6B-49C3-84D9-677822CF4B65}.Debug|x86.Build.0 = Debug|iPhone
		{58FE6ADA-AB6B-49C3-84D9-677822CF4B65}.Debug|x86.Deploy.0 = Debug|iPhone
		{58FE6ADA-AB6B-49C3-84D9-677822CF4B65}.Release|Any CPU.ActiveCfg = Release|iPhone
		{58FE6ADA-AB6B-49C3-84D9-677822CF4B65}.Release|Any CPU.Build.0 = Release|iPhone
		{58FE6ADA-AB6B-49C3-84D9-677822CF4B65}.Release|Any CPU.Deploy.0 = Release|iPhone
		{58FE6ADA-AB6B-49C3-84D9-677822CF4B65}.Release|ARM.ActiveCfg = Release|iPhone
		{58FE6ADA-AB6B-49C3-84D9-677822CF4B65}.Release|ARM.Build.0 = Release|iPhone
		{58FE6ADA-AB6B-49C3-84D9-677822CF4B65}.Release|ARM.Deploy.0 = Release|iPhone
		{58FE6ADA-AB6B-49C3-84D9-677822CF4B65}.Release|iPhone.ActiveCfg = Release|iPhone
		{58FE6ADA-AB6B-49C3-84D9-677822CF4B65}.Release|iPhone.Build.0 = Release|iPhone
		{58FE6ADA-AB6B-49C3-84D9-677822CF4B65}.Release|iPhone.Deploy.0 = Release|iPhone
		{58FE6ADA-AB6B-49C3-84D9-677822CF4B65}.Release|iPhoneSimulator.ActiveCfg = Release|iPhoneSimulator
		{58FE6ADA-AB6B-49C3-84D9-677822CF4B65}.Release|iPhoneSimulator.Build.0 = Release|iPhoneSimulator
		{58FE6ADA-AB6B-49C3-84D9-677822CF4B65}.Release|iPhoneSimulator.Deploy.0 = Release|iPhoneSimulator
		{58FE6ADA-AB6B-49C3-84D9-677822CF4B65}.Release|x64.ActiveCfg = Release|iPhone
		{58FE6ADA-AB6B-49C3-84D9-677822CF4B65}.Release|x64.Build.0 = Release|iPhone
		{58FE6ADA-AB6B-49C3-84D9-677822CF4B65}.Release|x64.Deploy.0 = Release|iPhone
		{58FE6ADA-AB6B-49C3-84D9-677822CF4B65}.Release|x86.ActiveCfg = Release|iPhone
		{58FE6ADA-AB6B-49C3-84D9-677822CF4B65}.Release|x86.Build.0 = Release|iPhone
		{58FE6ADA-AB6B-49C3-84D9-677822CF4B65}.Release|x86.Deploy.0 = Release|iPhone
		{572D70DB-2D2F-4442-8983-BEC31113F962}.Debug|Any CPU.ActiveCfg = Debug|Any CPU
		{572D70DB-2D2F-4442-8983-BEC31113F962}.Debug|Any CPU.Build.0 = Debug|Any CPU
		{572D70DB-2D2F-4442-8983-BEC31113F962}.Debug|Any CPU.Deploy.0 = Debug|Any CPU
		{572D70DB-2D2F-4442-8983-BEC31113F962}.Debug|ARM.ActiveCfg = Debug|Any CPU
		{572D70DB-2D2F-4442-8983-BEC31113F962}.Debug|ARM.Build.0 = Debug|Any CPU
		{572D70DB-2D2F-4442-8983-BEC31113F962}.Debug|ARM.Deploy.0 = Debug|Any CPU
		{572D70DB-2D2F-4442-8983-BEC31113F962}.Debug|iPhone.ActiveCfg = Debug|Any CPU
		{572D70DB-2D2F-4442-8983-BEC31113F962}.Debug|iPhone.Build.0 = Debug|Any CPU
		{572D70DB-2D2F-4442-8983-BEC31113F962}.Debug|iPhone.Deploy.0 = Debug|Any CPU
		{572D70DB-2D2F-4442-8983-BEC31113F962}.Debug|iPhoneSimulator.ActiveCfg = Debug|Any CPU
		{572D70DB-2D2F-4442-8983-BEC31113F962}.Debug|iPhoneSimulator.Build.0 = Debug|Any CPU
		{572D70DB-2D2F-4442-8983-BEC31113F962}.Debug|iPhoneSimulator.Deploy.0 = Debug|Any CPU
		{572D70DB-2D2F-4442-8983-BEC31113F962}.Debug|x64.ActiveCfg = Debug|Any CPU
		{572D70DB-2D2F-4442-8983-BEC31113F962}.Debug|x64.Build.0 = Debug|Any CPU
		{572D70DB-2D2F-4442-8983-BEC31113F962}.Debug|x64.Deploy.0 = Debug|Any CPU
		{572D70DB-2D2F-4442-8983-BEC31113F962}.Debug|x86.ActiveCfg = Debug|Any CPU
		{572D70DB-2D2F-4442-8983-BEC31113F962}.Debug|x86.Build.0 = Debug|Any CPU
		{572D70DB-2D2F-4442-8983-BEC31113F962}.Debug|x86.Deploy.0 = Debug|Any CPU
		{572D70DB-2D2F-4442-8983-BEC31113F962}.Release|Any CPU.ActiveCfg = Release|Any CPU
		{572D70DB-2D2F-4442-8983-BEC31113F962}.Release|Any CPU.Build.0 = Release|Any CPU
		{572D70DB-2D2F-4442-8983-BEC31113F962}.Release|Any CPU.Deploy.0 = Release|Any CPU
		{572D70DB-2D2F-4442-8983-BEC31113F962}.Release|ARM.ActiveCfg = Release|Any CPU
		{572D70DB-2D2F-4442-8983-BEC31113F962}.Release|ARM.Build.0 = Release|Any CPU
		{572D70DB-2D2F-4442-8983-BEC31113F962}.Release|ARM.Deploy.0 = Release|Any CPU
		{572D70DB-2D2F-4442-8983-BEC31113F962}.Release|iPhone.ActiveCfg = Release|Any CPU
		{572D70DB-2D2F-4442-8983-BEC31113F962}.Release|iPhone.Build.0 = Release|Any CPU
		{572D70DB-2D2F-4442-8983-BEC31113F962}.Release|iPhone.Deploy.0 = Release|Any CPU
		{572D70DB-2D2F-4442-8983-BEC31113F962}.Release|iPhoneSimulator.ActiveCfg = Release|Any CPU
		{572D70DB-2D2F-4442-8983-BEC31113F962}.Release|iPhoneSimulator.Build.0 = Release|Any CPU
		{572D70DB-2D2F-4442-8983-BEC31113F962}.Release|iPhoneSimulator.Deploy.0 = Release|Any CPU
		{572D70DB-2D2F-4442-8983-BEC31113F962}.Release|x64.ActiveCfg = Release|Any CPU
		{572D70DB-2D2F-4442-8983-BEC31113F962}.Release|x64.Build.0 = Release|Any CPU
		{572D70DB-2D2F-4442-8983-BEC31113F962}.Release|x64.Deploy.0 = Release|Any CPU
		{572D70DB-2D2F-4442-8983-BEC31113F962}.Release|x86.ActiveCfg = Release|Any CPU
		{572D70DB-2D2F-4442-8983-BEC31113F962}.Release|x86.Build.0 = Release|Any CPU
		{572D70DB-2D2F-4442-8983-BEC31113F962}.Release|x86.Deploy.0 = Release|Any CPU
	EndGlobalSection
	GlobalSection(SolutionProperties) = preSolution
		HideSolutionNode = FALSE
	EndGlobalSection
	GlobalSection(ExtensibilityGlobals) = postSolution
		SolutionGuid = {A5071FCF-FE71-4805-A4E2-5967A9ADE3C4}
	EndGlobalSection
EndGlobal
